
Microsoft Visual Studio Solution File, Format Version 12.00
# Visual Studio Version 16
VisualStudioVersion = 16.0.28803.352
MinimumVisualStudioVersion = 10.0.40219.1
Project("{FAE04EC0-301F-11D3-BF4B-00C04F79EFBC}") = "ExpressionTrees", "ExpressionTrees.csproj", "{8BC565E0-45A6-40FC-A2E0-EF84C715CE3C}"
EndProject
Global
	GlobalSection(SolutionConfigurationPlatforms) = preSolution
		Debug|Any CPU = Debug|Any CPU
		Release|Any CPU = Release|Any CPU
	EndGlobalSection
	GlobalSection(ProjectConfigurationPlatforms) = postSolution
		{8BC565E0-45A6-40FC-A2E0-EF84C715CE3C}.Debug|Any CPU.ActiveCfg = Debug|Any CPU
		{8BC565E0-45A6-40FC-A2E0-EF84C715CE3C}.Debug|Any CPU.Build.0 = Debug|Any CPU
		{8BC565E0-45A6-40FC-A2E0-EF84C715CE3C}.Release|Any CPU.ActiveCfg = Release|Any CPU
		{8BC565E0-45A6-40FC-A2E0-EF84C715CE3C}.Release|Any CPU.Build.0 = Release|Any CPU
	EndGlobalSection
	GlobalSection(SolutionProperties) = preSolution
		HideSolutionNode = FALSE
	EndGlobalSection
	GlobalSection(ExtensibilityGlobals) = postSolution
		SolutionGuid = {5A1A4C85-CD0D-4C95-9DF4-172C3DB63542}
	EndGlobalSection
EndGlobal
